
Microsoft Visual Studio Solution File, Format Version 12.00
# Visual Studio Version 17
VisualStudioVersion = 17.12.35707.178
MinimumVisualStudioVersion = 10.0.40219.1
Project("{FAE04EC0-301F-11D3-BF4B-00C04F79EFBC}") = "Llama_Together_AI", "Llama_Together_AI\Llama_Together_AI.csproj", "{03E7B391-C3EF-4F72-B342-875C928191C6}"
EndProject
Project("{FAE04EC0-301F-11D3-BF4B-00C04F79EFBC}") = "DeepSeek_Together_AI", "DeepSeek_Together_AI\DeepSeek_Together_AI.csproj", "{30EB319A-992B-4BFA-A509-F4DBC538050B}"
EndProject
Global
	GlobalSection(SolutionConfigurationPlatforms) = preSolution
		Debug|Any CPU = Debug|Any CPU
		Release|Any CPU = Release|Any CPU
	EndGlobalSection
	GlobalSection(ProjectConfigurationPlatforms) = postSolution
		{03E7B391-C3EF-4F72-B342-875C928191C6}.Debug|Any CPU.ActiveCfg = Debug|Any CPU
		{03E7B391-C3EF-4F72-B342-875C928191C6}.Debug|Any CPU.Build.0 = Debug|Any CPU
		{03E7B391-C3EF-4F72-B342-875C928191C6}.Release|Any CPU.ActiveCfg = Release|Any CPU
		{03E7B391-C3EF-4F72-B342-875C928191C6}.Release|Any CPU.Build.0 = Release|Any CPU
		{30EB319A-992B-4BFA-A509-F4DBC538050B}.Debug|Any CPU.ActiveCfg = Debug|Any CPU
		{30EB319A-992B-4BFA-A509-F4DBC538050B}.Debug|Any CPU.Build.0 = Debug|Any CPU
		{30EB319A-992B-4BFA-A509-F4DBC538050B}.Release|Any CPU.ActiveCfg = Release|Any CPU
		{30EB319A-992B-4BFA-A509-F4DBC538050B}.Release|Any CPU.Build.0 = Release|Any CPU
	EndGlobalSection
	GlobalSection(SolutionProperties) = preSolution
		HideSolutionNode = FALSE
	EndGlobalSection
EndGlobal
